{
  "name": "social-media-api",
  "version": "1.0.0",
  "lockfileVersion": 3,
  "requires": true,
  "packages": {
    "": {
      "name": "social-media-api",
      "version": "1.0.0",
      "license": "ISC",
      "dependencies": {
        "express": "^4.21.1"
      },
      "devDependencies": {
        "@types/express": "^5.0.0",
        "@types/node": "^22.7.5",
        "typescript": "^5.6.3"
      }
    },
    "node_modules/@types/body-parser": {
      "version": "1.19.5",
      "resolved": "https://registry.npmjs.org/@types/body-parser/-/body-parser-1.19.5.tgz",
      "integrity": "sha512-fB3Zu92ucau0iQ0JMCFQE7b/dv8Ot07NI3KaZIkIUNXq82k4eBAqUaneXfleGY9JWskeS9y+u0nXMyspcuQrCg==",
      "dev": true,
      "license": "MIT",
      